// !$*UTF8*$!
{
	archiveVersion = 1;
	classes = {
	};
	objectVersion = 46;
	objects = {

/* Begin PBXBuildFile section */
		1A9F29FE1B880ABC00FC02CF /* arraylist.c in Sources */ = {isa = PBXBuildFile; fileRef = 1A9F29E41B880ABC00FC02CF /* arraylist.c */; };
		1A9F29FF1B880ABC00FC02CF /* arraylist.h in Headers */ = {isa = PBXBuildFile; fileRef = 1A9F29E51B880ABC00FC02CF /* arraylist.h */; settings = {ATTRIBUTES = (Public, ); }; };
		1A9F2A001B880ABC00FC02CF /* bits.h in Headers */ = {isa = PBXBuildFile; fileRef = 1A9F29E61B880ABC00FC02CF /* bits.h */; settings = {ATTRIBUTES = (Public, ); }; };
		1A9F2A011B880ABC00FC02CF /* debug.c in Sources */ = {isa = PBXBuildFile; fileRef = 1A9F29E71B880ABC00FC02CF /* debug.c */; };
		1A9F2A021B880ABC00FC02CF /* debug.h in Headers */ = {isa = PBXBuildFile; fileRef = 1A9F29E81B880ABC00FC02CF /* debug.h */; settings = {ATTRIBUTES = (Public, ); }; };
		1A9F2A031B880ABC00FC02CF /* json_c_version.c in Sources */ = {isa = PBXBuildFile; fileRef = 1A9F29E91B880ABC00FC02CF /* json_c_version.c */; };
		1A9F2A041B880ABC00FC02CF /* json_c_version.h in Headers */ = {isa = PBXBuildFile; fileRef = 1A9F29EA1B880ABC00FC02CF /* json_c_version.h */; settings = {ATTRIBUTES = (Public, ); }; };
		1A9F2A051B880ABC00FC02CF /* json_inttypes.h in Headers */ = {isa = PBXBuildFile; fileRef = 1A9F29EB1B880ABC00FC02CF /* json_inttypes.h */; settings = {ATTRIBUTES = (Public, ); }; };
		1A9F2A061B880ABC00FC02CF /* json_object_iterator.c in Sources */ = {isa = PBXBuildFile; fileRef = 1A9F29EC1B880ABC00FC02CF /* json_object_iterator.c */; };
		1A9F2A071B880ABC00FC02CF /* json_object_iterator.h in Headers */ = {isa = PBXBuildFile; fileRef = 1A9F29ED1B880ABC00FC02CF /* json_object_iterator.h */; settings = {ATTRIBUTES = (Public, ); }; };
		1A9F2A081B880ABC00FC02CF /* json_object_private.h in Headers */ = {isa = PBXBuildFile; fileRef = 1A9F29EE1B880ABC00FC02CF /* json_object_private.h */; settings = {ATTRIBUTES = (Public, ); }; };
		1A9F2A091B880ABC00FC02CF /* json_object.c in Sources */ = {isa = PBXBuildFile; fileRef = 1A9F29EF1B880ABC00FC02CF /* json_object.c */; };
		1A9F2A0A1B880ABC00FC02CF /* json_object.h in Headers */ = {isa = PBXBuildFile; fileRef = 1A9F29F01B880ABC00FC02CF /* json_object.h */; settings = {ATTRIBUTES = (Public, ); }; };
		1A9F2A0B1B880ABC00FC02CF /* json_tokener.c in Sources */ = {isa = PBXBuildFile; fileRef = 1A9F29F11B880ABC00FC02CF /* json_tokener.c */; };
		1A9F2A0C1B880ABC00FC02CF /* json_tokener.h in Headers */ = {isa = PBXBuildFile; fileRef = 1A9F29F21B880ABC00FC02CF /* json_tokener.h */; settings = {ATTRIBUTES = (Public, ); }; };
		1A9F2A0D1B880ABC00FC02CF /* json_util.c in Sources */ = {isa = PBXBuildFile; fileRef = 1A9F29F31B880ABC00FC02CF /* json_util.c */; };
		1A9F2A0E1B880ABC00FC02CF /* json_util.h in Headers */ = {isa = PBXBuildFile; fileRef = 1A9F29F41B880ABC00FC02CF /* json_util.h */; settings = {ATTRIBUTES = (Public, ); }; };
		1A9F2A0F1B880ABC00FC02CF /* json.h in Headers */ = {isa = PBXBuildFile; fileRef = 1A9F29F51B880ABC00FC02CF /* json.h */; settings = {ATTRIBUTES = (Public, ); }; };
		1A9F2A101B880ABC00FC02CF /* libjson.c in Sources */ = {isa = PBXBuildFile; fileRef = 1A9F29F61B880ABC00FC02CF /* libjson.c */; };
		1A9F2A111B880ABC00FC02CF /* linkhash.c in Sources */ = {isa = PBXBuildFile; fileRef = 1A9F29F71B880ABC00FC02CF /* linkhash.c */; };
		1A9F2A121B880ABC00FC02CF /* linkhash.h in Headers */ = {isa = PBXBuildFile; fileRef = 1A9F29F81B880ABC00FC02CF /* linkhash.h */; settings = {ATTRIBUTES = (Public, ); }; };
		1A9F2A131B880ABC00FC02CF /* math_compat.h in Headers */ = {isa = PBXBuildFile; fileRef = 1A9F29F91B880ABC00FC02CF /* math_compat.h */; settings = {ATTRIBUTES = (Public, ); }; };
		1A9F2A141B880ABC00FC02CF /* printbuf.c in Sources */ = {isa = PBXBuildFile; fileRef = 1A9F29FA1B880ABC00FC02CF /* printbuf.c */; };
		1A9F2A151B880ABC00FC02CF /* printbuf.h in Headers */ = {isa = PBXBuildFile; fileRef = 1A9F29FB1B880ABC00FC02CF /* printbuf.h */; settings = {ATTRIBUTES = (Public, ); }; };
		1A9F2A161B880ABC00FC02CF /* random_seed.c in Sources */ = {isa = PBXBuildFile; fileRef = 1A9F29FC1B880ABC00FC02CF /* random_seed.c */; };
		1A9F2A171B880ABC00FC02CF /* random_seed.h in Headers */ = {isa = PBXBuildFile; fileRef = 1A9F29FD1B880ABC00FC02CF /* random_seed.h */; settings = {ATTRIBUTES = (Public, ); }; };
		1A9F2A1A1B880B5F00FC02CF /* config.h in Headers */ = {isa = PBXBuildFile; fileRef = 1A9F2A181B880B5F00FC02CF /* config.h */; settings = {ATTRIBUTES = (Public, ); }; };
		1A9F2A1B1B880B5F00FC02CF /* json_config.h in Headers */ = {isa = PBXBuildFile; fileRef = 1A9F2A191B880B5F00FC02CF /* json_config.h */; settings = {ATTRIBUTES = (Public, ); }; };
		1AE78DBE1B96689B00CDEF17 /* json_util.c in Sources */ = {isa = PBXBuildFile; fileRef = 1A9F29F31B880ABC00FC02CF /* json_util.c */; };
		1AE78DBF1B96689B00CDEF17 /* json_object_iterator.c in Sources */ = {isa = PBXBuildFile; fileRef = 1A9F29EC1B880ABC00FC02CF /* json_object_iterator.c */; };
		1AE78DC01B96689B00CDEF17 /* json_c_version.c in Sources */ = {isa = PBXBuildFile; fileRef = 1A9F29E91B880ABC00FC02CF /* json_c_version.c */; };
		1AE78DC11B96689B00CDEF17 /* linkhash.c in Sources */ = {isa = PBXBuildFile; fileRef = 1A9F29F71B880ABC00FC02CF /* linkhash.c */; };
		1AE78DC21B96689B00CDEF17 /* libjson.c in Sources */ = {isa = PBXBuildFile; fileRef = 1A9F29F61B880ABC00FC02CF /* libjson.c */; };
		1AE78DC31B96689B00CDEF17 /* arraylist.c in Sources */ = {isa = PBXBuildFile; fileRef = 1A9F29E41B880ABC00FC02CF /* arraylist.c */; };
		1AE78DC41B96689B00CDEF17 /* json_object.c in Sources */ = {isa = PBXBuildFile; fileRef = 1A9F29EF1B880ABC00FC02CF /* json_object.c */; };
		1AE78DC51B96689B00CDEF17 /* printbuf.c in Sources */ = {isa = PBXBuildFile; fileRef = 1A9F29FA1B880ABC00FC02CF /* printbuf.c */; };
		1AE78DC61B96689B00CDEF17 /* json_tokener.c in Sources */ = {isa = PBXBuildFile; fileRef = 1A9F29F11B880ABC00FC02CF /* json_tokener.c */; };
		1AE78DC71B96689B00CDEF17 /* random_seed.c in Sources */ = {isa = PBXBuildFile; fileRef = 1A9F29FC1B880ABC00FC02CF /* random_seed.c */; };
		1AE78DC81B96689B00CDEF17 /* debug.c in Sources */ = {isa = PBXBuildFile; fileRef = 1A9F29E71B880ABC00FC02CF /* debug.c */; };
		1AE78DCB1B96689B00CDEF17 /* math_compat.h in Headers */ = {isa = PBXBuildFile; fileRef = 1A9F29F91B880ABC00FC02CF /* math_compat.h */; settings = {ATTRIBUTES = (Public, ); }; };
		1AE78DCC1B96689B00CDEF17 /* debug.h in Headers */ = {isa = PBXBuildFile; fileRef = 1A9F29E81B880ABC00FC02CF /* debug.h */; settings = {ATTRIBUTES = (Public, ); }; };
		1AE78DCD1B96689B00CDEF17 /* printbuf.h in Headers */ = {isa = PBXBuildFile; fileRef = 1A9F29FB1B880ABC00FC02CF /* printbuf.h */; settings = {ATTRIBUTES = (Public, ); }; };
		1AE78DCE1B96689B00CDEF17 /* json_inttypes.h in Headers */ = {isa = PBXBuildFile; fileRef = 1A9F29EB1B880ABC00FC02CF /* json_inttypes.h */; settings = {ATTRIBUTES = (Public, ); }; };
		1AE78DCF1B96689B00CDEF17 /* config.h in Headers */ = {isa = PBXBuildFile; fileRef = 1A9F2A181B880B5F00FC02CF /* config.h */; settings = {ATTRIBUTES = (Public, ); }; };
		1AE78DD01B96689B00CDEF17 /* bits.h in Headers */ = {isa = PBXBuildFile; fileRef = 1A9F29E61B880ABC00FC02CF /* bits.h */; settings = {ATTRIBUTES = (Public, ); }; };
		1AE78DD11B96689B00CDEF17 /* json_object.h in Headers */ = {isa = PBXBuildFile; fileRef = 1A9F29F01B880ABC00FC02CF /* json_object.h */; settings = {ATTRIBUTES = (Public, ); }; };
		1AE78DD21B96689B00CDEF17 /* random_seed.h in Headers */ = {isa = PBXBuildFile; fileRef = 1A9F29FD1B880ABC00FC02CF /* random_seed.h */; settings = {ATTRIBUTES = (Public, ); }; };
		1AE78DD31B96689B00CDEF17 /* json_util.h in Headers */ = {isa = PBXBuildFile; fileRef = 1A9F29F41B880ABC00FC02CF /* json_util.h */; settings = {ATTRIBUTES = (Public, ); }; };
		1AE78DD41B96689B00CDEF17 /* arraylist.h in Headers */ = {isa = PBXBuildFile; fileRef = 1A9F29E51B880ABC00FC02CF /* arraylist.h */; settings = {ATTRIBUTES = (Public, ); }; };
		1AE78DD51B96689B00CDEF17 /* json_tokener.h in Headers */ = {isa = PBXBuildFile; fileRef = 1A9F29F21B880ABC00FC02CF /* json_tokener.h */; settings = {ATTRIBUTES = (Public, ); }; };
		1AE78DD61B96689B00CDEF17 /* json_config.h in Headers */ = {isa = PBXBuildFile; fileRef = 1A9F2A191B880B5F00FC02CF /* json_config.h */; settings = {ATTRIBUTES = (Public, ); }; };
		1AE78DD71B96689B00CDEF17 /* json_c_version.h in Headers */ = {isa = PBXBuildFile; fileRef = 1A9F29EA1B880ABC00FC02CF /* json_c_version.h */; settings = {ATTRIBUTES = (Public, ); }; };
		1AE78DD81B96689B00CDEF17 /* json.h in Headers */ = {isa = PBXBuildFile; fileRef = 1A9F29F51B880ABC00FC02CF /* json.h */; settings = {ATTRIBUTES = (Public, ); }; };
		1AE78DD91B96689B00CDEF17 /* json_object_iterator.h in Headers */ = {isa = PBXBuildFile; fileRef = 1A9F29ED1B880ABC00FC02CF /* json_object_iterator.h */; settings = {ATTRIBUTES = (Public, ); }; };
		1AE78DDA1B96689B00CDEF17 /* linkhash.h in Headers */ = {isa = PBXBuildFile; fileRef = 1A9F29F81B880ABC00FC02CF /* linkhash.h */; settings = {ATTRIBUTES = (Public, ); }; };
		1AE78DDB1B96689B00CDEF17 /* json_object_private.h in Headers */ = {isa = PBXBuildFile; fileRef = 1A9F29EE1B880ABC00FC02CF /* json_object_private.h */; settings = {ATTRIBUTES = (Public, ); }; };
		1AE78DE41B96689D00CDEF17 /* json_util.c in Sources */ = {isa = PBXBuildFile; fileRef = 1A9F29F31B880ABC00FC02CF /* json_util.c */; };
		1AE78DE51B96689D00CDEF17 /* json_object_iterator.c in Sources */ = {isa = PBXBuildFile; fileRef = 1A9F29EC1B880ABC00FC02CF /* json_object_iterator.c */; };
		1AE78DE61B96689D00CDEF17 /* json_c_version.c in Sources */ = {isa = PBXBuildFile; fileRef = 1A9F29E91B880ABC00FC02CF /* json_c_version.c */; };
		1AE78DE71B96689D00CDEF17 /* linkhash.c in Sources */ = {isa = PBXBuildFile; fileRef = 1A9F29F71B880ABC00FC02CF /* linkhash.c */; };
		1AE78DE81B96689D00CDEF17 /* libjson.c in Sources */ = {isa = PBXBuildFile; fileRef = 1A9F29F61B880ABC00FC02CF /* libjson.c */; };
		1AE78DE91B96689D00CDEF17 /* arraylist.c in Sources */ = {isa = PBXBuildFile; fileRef = 1A9F29E41B880ABC00FC02CF /* arraylist.c */; };
		1AE78DEA1B96689D00CDEF17 /* json_object.c in Sources */ = {isa = PBXBuildFile; fileRef = 1A9F29EF1B880ABC00FC02CF /* json_object.c */; };
		1AE78DEB1B96689D00CDEF17 /* printbuf.c in Sources */ = {isa = PBXBuildFile; fileRef = 1A9F29FA1B880ABC00FC02CF /* printbuf.c */; };
		1AE78DEC1B96689D00CDEF17 /* json_tokener.c in Sources */ = {isa = PBXBuildFile; fileRef = 1A9F29F11B880ABC00FC02CF /* json_tokener.c */; };
		1AE78DED1B96689D00CDEF17 /* random_seed.c in Sources */ = {isa = PBXBuildFile; fileRef = 1A9F29FC1B880ABC00FC02CF /* random_seed.c */; };
		1AE78DEE1B96689D00CDEF17 /* debug.c in Sources */ = {isa = PBXBuildFile; fileRef = 1A9F29E71B880ABC00FC02CF /* debug.c */; };
		1AE78DF11B96689D00CDEF17 /* math_compat.h in Headers */ = {isa = PBXBuildFile; fileRef = 1A9F29F91B880ABC00FC02CF /* math_compat.h */; settings = {ATTRIBUTES = (Public, ); }; };
		1AE78DF21B96689D00CDEF17 /* debug.h in Headers */ = {isa = PBXBuildFile; fileRef = 1A9F29E81B880ABC00FC02CF /* debug.h */; settings = {ATTRIBUTES = (Public, ); }; };
		1AE78DF31B96689D00CDEF17 /* printbuf.h in Headers */ = {isa = PBXBuildFile; fileRef = 1A9F29FB1B880ABC00FC02CF /* printbuf.h */; settings = {ATTRIBUTES = (Public, ); }; };
		1AE78DF41B96689D00CDEF17 /* json_inttypes.h in Headers */ = {isa = PBXBuildFile; fileRef = 1A9F29EB1B880ABC00FC02CF /* json_inttypes.h */; settings = {ATTRIBUTES = (Public, ); }; };
		1AE78DF51B96689D00CDEF17 /* config.h in Headers */ = {isa = PBXBuildFile; fileRef = 1A9F2A181B880B5F00FC02CF /* config.h */; settings = {ATTRIBUTES = (Public, ); }; };
		1AE78DF61B96689D00CDEF17 /* bits.h in Headers */ = {isa = PBXBuildFile; fileRef = 1A9F29E61B880ABC00FC02CF /* bits.h */; settings = {ATTRIBUTES = (Public, ); }; };
		1AE78DF71B96689D00CDEF17 /* json_object.h in Headers */ = {isa = PBXBuildFile; fileRef = 1A9F29F01B880ABC00FC02CF /* json_object.h */; settings = {ATTRIBUTES = (Public, ); }; };
		1AE78DF81B96689D00CDEF17 /* random_seed.h in Headers */ = {isa = PBXBuildFile; fileRef = 1A9F29FD1B880ABC00FC02CF /* random_seed.h */; settings = {ATTRIBUTES = (Public, ); }; };
		1AE78DF91B96689D00CDEF17 /* json_util.h in Headers */ = {isa = PBXBuildFile; fileRef = 1A9F29F41B880ABC00FC02CF /* json_util.h */; settings = {ATTRIBUTES = (Public, ); }; };
		1AE78DFA1B96689D00CDEF17 /* arraylist.h in Headers */ = {isa = PBXBuildFile; fileRef = 1A9F29E51B880ABC00FC02CF /* arraylist.h */; settings = {ATTRIBUTES = (Public, ); }; };
		1AE78DFB1B96689D00CDEF17 /* json_tokener.h in Headers */ = {isa = PBXBuildFile; fileRef = 1A9F29F21B880ABC00FC02CF /* json_tokener.h */; settings = {ATTRIBUTES = (Public, ); }; };
		1AE78DFC1B96689D00CDEF17 /* json_config.h in Headers */ = {isa = PBXBuildFile; fileRef = 1A9F2A191B880B5F00FC02CF /* json_config.h */; settings = {ATTRIBUTES = (Public, ); }; };
		1AE78DFD1B96689D00CDEF17 /* json_c_version.h in Headers */ = {isa = PBXBuildFile; fileRef = 1A9F29EA1B880ABC00FC02CF /* json_c_version.h */; settings = {ATTRIBUTES = (Public, ); }; };
		1AE78DFE1B96689D00CDEF17 /* json.h in Headers */ = {isa = PBXBuildFile; fileRef = 1A9F29F51B880ABC00FC02CF /* json.h */; settings = {ATTRIBUTES = (Public, ); }; };
		1AE78DFF1B96689D00CDEF17 /* json_object_iterator.h in Headers */ = {isa = PBXBuildFile; fileRef = 1A9F29ED1B880ABC00FC02CF /* json_object_iterator.h */; settings = {ATTRIBUTES = (Public, ); }; };
		1AE78E001B96689D00CDEF17 /* linkhash.h in Headers */ = {isa = PBXBuildFile; fileRef = 1A9F29F81B880ABC00FC02CF /* linkhash.h */; settings = {ATTRIBUTES = (Public, ); }; };
		1AE78E011B96689D00CDEF17 /* json_object_private.h in Headers */ = {isa = PBXBuildFile; fileRef = 1A9F29EE1B880ABC00FC02CF /* json_object_private.h */; settings = {ATTRIBUTES = (Public, ); }; };
/* End PBXBuildFile section */

/* Begin PBXFileReference section */
		1A9F29A41B88068300FC02CF /* .framework */ = {isa = PBXFileReference; explicitFileType = wrapper.framework; includeInIndex = 0; path = .framework; sourceTree = BUILT_PRODUCTS_DIR; };
		1A9F29A91B88068300FC02CF /* Info.plist */ = {isa = PBXFileReference; lastKnownFileType = text.plist; path = Info.plist; sourceTree = "<group>"; };
		1A9F29E41B880ABC00FC02CF /* arraylist.c */ = {isa = PBXFileReference; fileEncoding = 4; lastKnownFileType = sourcecode.c.c; path = arraylist.c; sourceTree = "<group>"; };
		1A9F29E51B880ABC00FC02CF /* arraylist.h */ = {isa = PBXFileReference; fileEncoding = 4; lastKnownFileType = sourcecode.c.h; path = arraylist.h; sourceTree = "<group>"; };
		1A9F29E61B880ABC00FC02CF /* bits.h */ = {isa = PBXFileReference; fileEncoding = 4; lastKnownFileType = sourcecode.c.h; path = bits.h; sourceTree = "<group>"; };
		1A9F29E71B880ABC00FC02CF /* debug.c */ = {isa = PBXFileReference; fileEncoding = 4; lastKnownFileType = sourcecode.c.c; path = debug.c; sourceTree = "<group>"; };
		1A9F29E81B880ABC00FC02CF /* debug.h */ = {isa = PBXFileReference; fileEncoding = 4; lastKnownFileType = sourcecode.c.h; path = debug.h; sourceTree = "<group>"; };
		1A9F29E91B880ABC00FC02CF /* json_c_version.c */ = {isa = PBXFileReference; fileEncoding = 4; lastKnownFileType = sourcecode.c.c; path = json_c_version.c; sourceTree = "<group>"; };
		1A9F29EA1B880ABC00FC02CF /* json_c_version.h */ = {isa = PBXFileReference; fileEncoding = 4; lastKnownFileType = sourcecode.c.h; path = json_c_version.h; sourceTree = "<group>"; };
		1A9F29EB1B880ABC00FC02CF /* json_inttypes.h */ = {isa = PBXFileReference; fileEncoding = 4; lastKnownFileType = sourcecode.c.h; path = json_inttypes.h; sourceTree = "<group>"; };
		1A9F29EC1B880ABC00FC02CF /* json_object_iterator.c */ = {isa = PBXFileReference; fileEncoding = 4; lastKnownFileType = sourcecode.c.c; path = json_object_iterator.c; sourceTree = "<group>"; };
		1A9F29ED1B880ABC00FC02CF /* json_object_iterator.h */ = {isa = PBXFileReference; fileEncoding = 4; lastKnownFileType = sourcecode.c.h; path = json_object_iterator.h; sourceTree = "<group>"; };
		1A9F29EE1B880ABC00FC02CF /* json_object_private.h */ = {isa = PBXFileReference; fileEncoding = 4; lastKnownFileType = sourcecode.c.h; path = json_object_private.h; sourceTree = "<group>"; };
		1A9F29EF1B880ABC00FC02CF /* json_object.c */ = {isa = PBXFileReference; fileEncoding = 4; lastKnownFileType = sourcecode.c.c; path = json_object.c; sourceTree = "<group>"; };
		1A9F29F01B880ABC00FC02CF /* json_object.h */ = {isa = PBXFileReference; fileEncoding = 4; lastKnownFileType = sourcecode.c.h; path = json_object.h; sourceTree = "<group>"; };
		1A9F29F11B880ABC00FC02CF /* json_tokener.c */ = {isa = PBXFileReference; fileEncoding = 4; lastKnownFileType = sourcecode.c.c; path = json_tokener.c; sourceTree = "<group>"; };
		1A9F29F21B880ABC00FC02CF /* json_tokener.h */ = {isa = PBXFileReference; fileEncoding = 4; lastKnownFileType = sourcecode.c.h; path = json_tokener.h; sourceTree = "<group>"; };
		1A9F29F31B880ABC00FC02CF /* json_util.c */ = {isa = PBXFileReference; fileEncoding = 4; lastKnownFileType = sourcecode.c.c; path = json_util.c; sourceTree = "<group>"; };
		1A9F29F41B880ABC00FC02CF /* json_util.h */ = {isa = PBXFileReference; fileEncoding = 4; lastKnownFileType = sourcecode.c.h; path = json_util.h; sourceTree = "<group>"; };
		1A9F29F51B880ABC00FC02CF /* json.h */ = {isa = PBXFileReference; fileEncoding = 4; lastKnownFileType = sourcecode.c.h; path = json.h; sourceTree = "<group>"; };
		1A9F29F61B880ABC00FC02CF /* libjson.c */ = {isa = PBXFileReference; fileEncoding = 4; lastKnownFileType = sourcecode.c.c; path = libjson.c; sourceTree = "<group>"; };
		1A9F29F71B880ABC00FC02CF /* linkhash.c */ = {isa = PBXFileReference; fileEncoding = 4; lastKnownFileType = sourcecode.c.c; path = linkhash.c; sourceTree = "<group>"; };
		1A9F29F81B880ABC00FC02CF /* linkhash.h */ = {isa = PBXFileReference; fileEncoding = 4; lastKnownFileType = sourcecode.c.h; path = linkhash.h; sourceTree = "<group>"; };
		1A9F29F91B880ABC00FC02CF /* math_compat.h */ = {isa = PBXFileReference; fileEncoding = 4; lastKnownFileType = sourcecode.c.h; path = math_compat.h; sourceTree = "<group>"; };
		1A9F29FA1B880ABC00FC02CF /* printbuf.c */ = {isa = PBXFileReference; fileEncoding = 4; lastKnownFileType = sourcecode.c.c; path = printbuf.c; sourceTree = "<group>"; };
		1A9F29FB1B880ABC00FC02CF /* printbuf.h */ = {isa = PBXFileReference; fileEncoding = 4; lastKnownFileType = sourcecode.c.h; path = printbuf.h; sourceTree = "<group>"; };
		1A9F29FC1B880ABC00FC02CF /* random_seed.c */ = {isa = PBXFileReference; fileEncoding = 4; lastKnownFileType = sourcecode.c.c; path = random_seed.c; sourceTree = "<group>"; };
		1A9F29FD1B880ABC00FC02CF /* random_seed.h */ = {isa = PBXFileReference; fileEncoding = 4; lastKnownFileType = sourcecode.c.h; path = random_seed.h; sourceTree = "<group>"; };
		1A9F2A181B880B5F00FC02CF /* config.h */ = {isa = PBXFileReference; fileEncoding = 4; lastKnownFileType = sourcecode.c.h; path = config.h; sourceTree = "<group>"; };
		1A9F2A191B880B5F00FC02CF /* json_config.h */ = {isa = PBXFileReference; fileEncoding = 4; lastKnownFileType = sourcecode.c.h; path = json_config.h; sourceTree = "<group>"; };
		1AE78DE01B96689B00CDEF17 /* JSON.framework */ = {isa = PBXFileReference; explicitFileType = wrapper.framework; includeInIndex = 0; path = JSON.framework; sourceTree = BUILT_PRODUCTS_DIR; };
		1AE78E061B96689D00CDEF17 /* JSON.framework */ = {isa = PBXFileReference; explicitFileType = wrapper.framework; includeInIndex = 0; path = JSON.framework; sourceTree = BUILT_PRODUCTS_DIR; };
/* End PBXFileReference section */

/* Begin PBXFrameworksBuildPhase section */
		1A9F29A01B88068300FC02CF /* Frameworks */ = {
			isa = PBXFrameworksBuildPhase;
			buildActionMask = 2147483647;
			files = (
			);
			runOnlyForDeploymentPostprocessing = 0;
		};
		1AE78DC91B96689B00CDEF17 /* Frameworks */ = {
			isa = PBXFrameworksBuildPhase;
			buildActionMask = 2147483647;
			files = (
			);
			runOnlyForDeploymentPostprocessing = 0;
		};
		1AE78DEF1B96689D00CDEF17 /* Frameworks */ = {
			isa = PBXFrameworksBuildPhase;
			buildActionMask = 2147483647;
			files = (
			);
			runOnlyForDeploymentPostprocessing = 0;
		};
/* End PBXFrameworksBuildPhase section */

/* Begin PBXGroup section */
		1A9F299A1B88068300FC02CF = {
			isa = PBXGroup;
			children = (
				1A9F29AF1B88070900FC02CF /* Source */,
				1A9F29A61B88068300FC02CF /* libjson-c */,
				1A9F29A51B88068300FC02CF /* Products */,
			);
			sourceTree = "<group>";
		};
		1A9F29A51B88068300FC02CF /* Products */ = {
			isa = PBXGroup;
			children = (
				1A9F29A41B88068300FC02CF /* .framework */,
				1AE78DE01B96689B00CDEF17 /* JSON.framework */,
				1AE78E061B96689D00CDEF17 /* JSON.framework */,
			);
			name = Products;
			sourceTree = "<group>";
		};
		1A9F29A61B88068300FC02CF /* libjson-c */ = {
			isa = PBXGroup;
			children = (
				1A9F29A91B88068300FC02CF /* Info.plist */,
			);
			path = "libjson-c";
			sourceTree = "<group>";
		};
		1A9F29AF1B88070900FC02CF /* Source */ = {
			isa = PBXGroup;
			children = (
				1A9F2A181B880B5F00FC02CF /* config.h */,
				1A9F2A191B880B5F00FC02CF /* json_config.h */,
				1A9F29E41B880ABC00FC02CF /* arraylist.c */,
				1A9F29E51B880ABC00FC02CF /* arraylist.h */,
				1A9F29E61B880ABC00FC02CF /* bits.h */,
				1A9F29E71B880ABC00FC02CF /* debug.c */,
				1A9F29E81B880ABC00FC02CF /* debug.h */,
				1A9F29E91B880ABC00FC02CF /* json_c_version.c */,
				1A9F29EA1B880ABC00FC02CF /* json_c_version.h */,
				1A9F29EB1B880ABC00FC02CF /* json_inttypes.h */,
				1A9F29EC1B880ABC00FC02CF /* json_object_iterator.c */,
				1A9F29ED1B880ABC00FC02CF /* json_object_iterator.h */,
				1A9F29EE1B880ABC00FC02CF /* json_object_private.h */,
				1A9F29EF1B880ABC00FC02CF /* json_object.c */,
				1A9F29F01B880ABC00FC02CF /* json_object.h */,
				1A9F29F11B880ABC00FC02CF /* json_tokener.c */,
				1A9F29F21B880ABC00FC02CF /* json_tokener.h */,
				1A9F29F31B880ABC00FC02CF /* json_util.c */,
				1A9F29F41B880ABC00FC02CF /* json_util.h */,
				1A9F29F51B880ABC00FC02CF /* json.h */,
				1A9F29F61B880ABC00FC02CF /* libjson.c */,
				1A9F29F71B880ABC00FC02CF /* linkhash.c */,
				1A9F29F81B880ABC00FC02CF /* linkhash.h */,
				1A9F29F91B880ABC00FC02CF /* math_compat.h */,
				1A9F29FA1B880ABC00FC02CF /* printbuf.c */,
				1A9F29FB1B880ABC00FC02CF /* printbuf.h */,
				1A9F29FC1B880ABC00FC02CF /* random_seed.c */,
				1A9F29FD1B880ABC00FC02CF /* random_seed.h */,
			);
			name = Source;
			path = ..;
			sourceTree = "<group>";
		};
/* End PBXGroup section */

/* Begin PBXHeadersBuildPhase section */
		1A9F29A11B88068300FC02CF /* Headers */ = {
			isa = PBXHeadersBuildPhase;
			buildActionMask = 2147483647;
			files = (
				1A9F2A131B880ABC00FC02CF /* math_compat.h in Headers */,
				1A9F2A021B880ABC00FC02CF /* debug.h in Headers */,
				1A9F2A151B880ABC00FC02CF /* printbuf.h in Headers */,
				1A9F2A051B880ABC00FC02CF /* json_inttypes.h in Headers */,
				1A9F2A1A1B880B5F00FC02CF /* config.h in Headers */,
				1A9F2A001B880ABC00FC02CF /* bits.h in Headers */,
				1A9F2A0A1B880ABC00FC02CF /* json_object.h in Headers */,
				1A9F2A171B880ABC00FC02CF /* random_seed.h in Headers */,
				1A9F2A0E1B880ABC00FC02CF /* json_util.h in Headers */,
				1A9F29FF1B880ABC00FC02CF /* arraylist.h in Headers */,
				1A9F2A0C1B880ABC00FC02CF /* json_tokener.h in Headers */,
				1A9F2A1B1B880B5F00FC02CF /* json_config.h in Headers */,
				1A9F2A041B880ABC00FC02CF /* json_c_version.h in Headers */,
				1A9F2A0F1B880ABC00FC02CF /* json.h in Headers */,
				1A9F2A071B880ABC00FC02CF /* json_object_iterator.h in Headers */,
				1A9F2A121B880ABC00FC02CF /* linkhash.h in Headers */,
				1A9F2A081B880ABC00FC02CF /* json_object_private.h in Headers */,
			);
			runOnlyForDeploymentPostprocessing = 0;
		};
		1AE78DCA1B96689B00CDEF17 /* Headers */ = {
			isa = PBXHeadersBuildPhase;
			buildActionMask = 2147483647;
			files = (
				1AE78DCB1B96689B00CDEF17 /* math_compat.h in Headers */,
				1AE78DCC1B96689B00CDEF17 /* debug.h in Headers */,
				1AE78DCD1B96689B00CDEF17 /* printbuf.h in Headers */,
				1AE78DCE1B96689B00CDEF17 /* json_inttypes.h in Headers */,
				1AE78DCF1B96689B00CDEF17 /* config.h in Headers */,
				1AE78DD01B96689B00CDEF17 /* bits.h in Headers */,
				1AE78DD11B96689B00CDEF17 /* json_object.h in Headers */,
				1AE78DD21B96689B00CDEF17 /* random_seed.h in Headers */,
				1AE78DD31B96689B00CDEF17 /* json_util.h in Headers */,
				1AE78DD41B96689B00CDEF17 /* arraylist.h in Headers */,
				1AE78DD51B96689B00CDEF17 /* json_tokener.h in Headers */,
				1AE78DD61B96689B00CDEF17 /* json_config.h in Headers */,
				1AE78DD71B96689B00CDEF17 /* json_c_version.h in Headers */,
				1AE78DD81B96689B00CDEF17 /* json.h in Headers */,
				1AE78DD91B96689B00CDEF17 /* json_object_iterator.h in Headers */,
				1AE78DDA1B96689B00CDEF17 /* linkhash.h in Headers */,
				1AE78DDB1B96689B00CDEF17 /* json_object_private.h in Headers */,
			);
			runOnlyForDeploymentPostprocessing = 0;
		};
		1AE78DF01B96689D00CDEF17 /* Headers */ = {
			isa = PBXHeadersBuildPhase;
			buildActionMask = 2147483647;
			files = (
				1AE78DF11B96689D00CDEF17 /* math_compat.h in Headers */,
				1AE78DF21B96689D00CDEF17 /* debug.h in Headers */,
				1AE78DF31B96689D00CDEF17 /* printbuf.h in Headers */,
				1AE78DF41B96689D00CDEF17 /* json_inttypes.h in Headers */,
				1AE78DF51B96689D00CDEF17 /* config.h in Headers */,
				1AE78DF61B96689D00CDEF17 /* bits.h in Headers */,
				1AE78DF71B96689D00CDEF17 /* json_object.h in Headers */,
				1AE78DF81B96689D00CDEF17 /* random_seed.h in Headers */,
				1AE78DF91B96689D00CDEF17 /* json_util.h in Headers */,
				1AE78DFA1B96689D00CDEF17 /* arraylist.h in Headers */,
				1AE78DFB1B96689D00CDEF17 /* json_tokener.h in Headers */,
				1AE78DFC1B96689D00CDEF17 /* json_config.h in Headers */,
				1AE78DFD1B96689D00CDEF17 /* json_c_version.h in Headers */,
				1AE78DFE1B96689D00CDEF17 /* json.h in Headers */,
				1AE78DFF1B96689D00CDEF17 /* json_object_iterator.h in Headers */,
				1AE78E001B96689D00CDEF17 /* linkhash.h in Headers */,
				1AE78E011B96689D00CDEF17 /* json_object_private.h in Headers */,
			);
			runOnlyForDeploymentPostprocessing = 0;
		};
/* End PBXHeadersBuildPhase section */

/* Begin PBXNativeTarget section */
		1A9F29A31B88068300FC02CF /* libjson-c OS X */ = {
			isa = PBXNativeTarget;
			buildConfigurationList = 1A9F29AC1B88068300FC02CF /* Build configuration list for PBXNativeTarget "libjson-c OS X" */;
			buildPhases = (
				1A9F299F1B88068300FC02CF /* Sources */,
				1A9F29A01B88068300FC02CF /* Frameworks */,
				1A9F29A11B88068300FC02CF /* Headers */,
				1A9F29A21B88068300FC02CF /* Resources */,
			);
			buildRules = (
			);
			dependencies = (
			);
			name = "libjson-c OS X";
			productName = "libjson-c";
			productReference = 1A9F29A41B88068300FC02CF /* .framework */;
			productType = "com.apple.product-type.framework";
		};
		1AE78DBC1B96689B00CDEF17 /* libjson-c iOS */ = {
			isa = PBXNativeTarget;
			buildConfigurationList = 1AE78DDD1B96689B00CDEF17 /* Build configuration list for PBXNativeTarget "libjson-c iOS" */;
			buildPhases = (
				1AE78DBD1B96689B00CDEF17 /* Sources */,
				1AE78DC91B96689B00CDEF17 /* Frameworks */,
				1AE78DCA1B96689B00CDEF17 /* Headers */,
				1AE78DDC1B96689B00CDEF17 /* Resources */,
			);
			buildRules = (
			);
			dependencies = (
			);
			name = "libjson-c iOS";
			productName = "libjson-c";
			productReference = 1AE78DE01B96689B00CDEF17 /* JSON.framework */;
			productType = "com.apple.product-type.framework";
		};
		1AE78DE21B96689D00CDEF17 /* libjson-c WatchOS */ = {
			isa = PBXNativeTarget;
			buildConfigurationList = 1AE78E031B96689D00CDEF17 /* Build configuration list for PBXNativeTarget "libjson-c WatchOS" */;
			buildPhases = (
				1AE78DE31B96689D00CDEF17 /* Sources */,
				1AE78DEF1B96689D00CDEF17 /* Frameworks */,
				1AE78DF01B96689D00CDEF17 /* Headers */,
				1AE78E021B96689D00CDEF17 /* Resources */,
			);
			buildRules = (
			);
			dependencies = (
			);
			name = "libjson-c WatchOS";
			productName = "libjson-c";
			productReference = 1AE78E061B96689D00CDEF17 /* JSON.framework */;
			productType = "com.apple.product-type.framework";
		};
/* End PBXNativeTarget section */

/* Begin PBXProject section */
		1A9F299B1B88068300FC02CF /* Project object */ = {
			isa = PBXProject;
			attributes = {
				LastUpgradeCheck = 0700;
				ORGANIZATIONNAME = "json-c";
				TargetAttributes = {
					1A9F29A31B88068300FC02CF = {
						CreatedOnToolsVersion = 7.0;
					};
				};
			};
			buildConfigurationList = 1A9F299E1B88068300FC02CF /* Build configuration list for PBXProject "libjson-c" */;
			compatibilityVersion = "Xcode 3.2";
			developmentRegion = English;
			hasScannedForEncodings = 0;
			knownRegions = (
				en,
			);
			mainGroup = 1A9F299A1B88068300FC02CF;
			productRefGroup = 1A9F29A51B88068300FC02CF /* Products */;
			projectDirPath = "";
			projectRoot = "";
			targets = (
				1A9F29A31B88068300FC02CF /* libjson-c OS X */,
				1AE78DBC1B96689B00CDEF17 /* libjson-c iOS */,
				1AE78DE21B96689D00CDEF17 /* libjson-c WatchOS */,
			);
		};
/* End PBXProject section */

/* Begin PBXResourcesBuildPhase section */
		1A9F29A21B88068300FC02CF /* Resources */ = {
			isa = PBXResourcesBuildPhase;
			buildActionMask = 2147483647;
			files = (
			);
			runOnlyForDeploymentPostprocessing = 0;
		};
		1AE78DDC1B96689B00CDEF17 /* Resources */ = {
			isa = PBXResourcesBuildPhase;
			buildActionMask = 2147483647;
			files = (
			);
			runOnlyForDeploymentPostprocessing = 0;
		};
		1AE78E021B96689D00CDEF17 /* Resources */ = {
			isa = PBXResourcesBuildPhase;
			buildActionMask = 2147483647;
			files = (
			);
			runOnlyForDeploymentPostprocessing = 0;
		};
/* End PBXResourcesBuildPhase section */

/* Begin PBXSourcesBuildPhase section */
		1A9F299F1B88068300FC02CF /* Sources */ = {
			isa = PBXSourcesBuildPhase;
			buildActionMask = 2147483647;
			files = (
				1A9F2A0D1B880ABC00FC02CF /* json_util.c in Sources */,
				1A9F2A061B880ABC00FC02CF /* json_object_iterator.c in Sources */,
				1A9F2A031B880ABC00FC02CF /* json_c_version.c in Sources */,
				1A9F2A111B880ABC00FC02CF /* linkhash.c in Sources */,
				1A9F2A101B880ABC00FC02CF /* libjson.c in Sources */,
				1A9F29FE1B880ABC00FC02CF /* arraylist.c in Sources */,
				1A9F2A091B880ABC00FC02CF /* json_object.c in Sources */,
				1A9F2A141B880ABC00FC02CF /* printbuf.c in Sources */,
				1A9F2A0B1B880ABC00FC02CF /* json_tokener.c in Sources */,
				1A9F2A161B880ABC00FC02CF /* random_seed.c in Sources */,
				1A9F2A011B880ABC00FC02CF /* debug.c in Sources */,
			);
			runOnlyForDeploymentPostprocessing = 0;
		};
		1AE78DBD1B96689B00CDEF17 /* Sources */ = {
			isa = PBXSourcesBuildPhase;
			buildActionMask = 2147483647;
			files = (
				1AE78DBE1B96689B00CDEF17 /* json_util.c in Sources */,
				1AE78DBF1B96689B00CDEF17 /* json_object_iterator.c in Sources */,
				1AE78DC01B96689B00CDEF17 /* json_c_version.c in Sources */,
				1AE78DC11B96689B00CDEF17 /* linkhash.c in Sources */,
				1AE78DC21B96689B00CDEF17 /* libjson.c in Sources */,
				1AE78DC31B96689B00CDEF17 /* arraylist.c in Sources */,
				1AE78DC41B96689B00CDEF17 /* json_object.c in Sources */,
				1AE78DC51B96689B00CDEF17 /* printbuf.c in Sources */,
				1AE78DC61B96689B00CDEF17 /* json_tokener.c in Sources */,
				1AE78DC71B96689B00CDEF17 /* random_seed.c in Sources */,
				1AE78DC81B96689B00CDEF17 /* debug.c in Sources */,
			);
			runOnlyForDeploymentPostprocessing = 0;
		};
		1AE78DE31B96689D00CDEF17 /* Sources */ = {
			isa = PBXSourcesBuildPhase;
			buildActionMask = 2147483647;
			files = (
				1AE78DE41B96689D00CDEF17 /* json_util.c in Sources */,
				1AE78DE51B96689D00CDEF17 /* json_object_iterator.c in Sources */,
				1AE78DE61B96689D00CDEF17 /* json_c_version.c in Sources */,
				1AE78DE71B96689D00CDEF17 /* linkhash.c in Sources */,
				1AE78DE81B96689D00CDEF17 /* libjson.c in Sources */,
				1AE78DE91B96689D00CDEF17 /* arraylist.c in Sources */,
				1AE78DEA1B96689D00CDEF17 /* json_object.c in Sources */,
				1AE78DEB1B96689D00CDEF17 /* printbuf.c in Sources */,
				1AE78DEC1B96689D00CDEF17 /* json_tokener.c in Sources */,
				1AE78DED1B96689D00CDEF17 /* random_seed.c in Sources */,
				1AE78DEE1B96689D00CDEF17 /* debug.c in Sources */,
			);
			runOnlyForDeploymentPostprocessing = 0;
		};
/* End PBXSourcesBuildPhase section */

/* Begin XCBuildConfiguration section */
		1A9F29AA1B88068300FC02CF /* Debug */ = {
			isa = XCBuildConfiguration;
			buildSettings = {
				ALWAYS_SEARCH_USER_PATHS = NO;
				CLANG_CXX_LANGUAGE_STANDARD = "gnu++0x";
				CLANG_CXX_LIBRARY = "libc++";
				CLANG_ENABLE_MODULES = YES;
				CLANG_ENABLE_OBJC_ARC = YES;
				CLANG_WARN_BOOL_CONVERSION = YES;
				CLANG_WARN_CONSTANT_CONVERSION = YES;
				CLANG_WARN_DIRECT_OBJC_ISA_USAGE = YES_ERROR;
				CLANG_WARN_EMPTY_BODY = YES;
				CLANG_WARN_ENUM_CONVERSION = YES;
				CLANG_WARN_INT_CONVERSION = YES;
				CLANG_WARN_OBJC_ROOT_CLASS = YES_ERROR;
				CLANG_WARN_UNREACHABLE_CODE = YES;
				CLANG_WARN__DUPLICATE_METHOD_MATCH = YES;
				COPY_PHASE_STRIP = NO;
				CURRENT_PROJECT_VERSION = 1;
				DEBUG_INFORMATION_FORMAT = dwarf;
				ENABLE_BITCODE = YES;
				ENABLE_STRICT_OBJC_MSGSEND = YES;
				ENABLE_TESTABILITY = YES;
				GCC_C_LANGUAGE_STANDARD = gnu99;
				GCC_DYNAMIC_NO_PIC = NO;
				GCC_NO_COMMON_BLOCKS = YES;
				GCC_OPTIMIZATION_LEVEL = 0;
				GCC_PREPROCESSOR_DEFINITIONS = (
					"DEBUG=1",
					"$(inherited)",
				);
				GCC_WARN_64_TO_32_BIT_CONVERSION = YES;
				GCC_WARN_ABOUT_RETURN_TYPE = YES_ERROR;
				GCC_WARN_UNDECLARED_SELECTOR = YES;
				GCC_WARN_UNINITIALIZED_AUTOS = YES_AGGRESSIVE;
				GCC_WARN_UNUSED_FUNCTION = YES;
				GCC_WARN_UNUSED_VARIABLE = YES;
				IPHONEOS_DEPLOYMENT_TARGET = 8.0;
				MACOSX_DEPLOYMENT_TARGET = 10.6;
				MTL_ENABLE_DEBUG_INFO = YES;
				ONLY_ACTIVE_ARCH = YES;
				PRODUCT_NAME = JSON;
				SDKROOT = macosx;
				SWIFT_OPTIMIZATION_LEVEL = "-Onone";
				VERSIONING_SYSTEM = "apple-generic";
				VERSION_INFO_PREFIX = "";
				WATCHOS_DEPLOYMENT_TARGET = 2.0;
			};
			name = Debug;
		};
		1A9F29AB1B88068300FC02CF /* Release */ = {
			isa = XCBuildConfiguration;
			buildSettings = {
				ALWAYS_SEARCH_USER_PATHS = NO;
				CLANG_CXX_LANGUAGE_STANDARD = "gnu++0x";
				CLANG_CXX_LIBRARY = "libc++";
				CLANG_ENABLE_MODULES = YES;
				CLANG_ENABLE_OBJC_ARC = YES;
				CLANG_WARN_BOOL_CONVERSION = YES;
				CLANG_WARN_CONSTANT_CONVERSION = YES;
				CLANG_WARN_DIRECT_OBJC_ISA_USAGE = YES_ERROR;
				CLANG_WARN_EMPTY_BODY = YES;
				CLANG_WARN_ENUM_CONVERSION = YES;
				CLANG_WARN_INT_CONVERSION = YES;
				CLANG_WARN_OBJC_ROOT_CLASS = YES_ERROR;
				CLANG_WARN_UNREACHABLE_CODE = YES;
				CLANG_WARN__DUPLICATE_METHOD_MATCH = YES;
				COPY_PHASE_STRIP = NO;
				CURRENT_PROJECT_VERSION = 1;
				DEBUG_INFORMATION_FORMAT = "dwarf-with-dsym";
				ENABLE_BITCODE = YES;
				ENABLE_NS_ASSERTIONS = NO;
				ENABLE_STRICT_OBJC_MSGSEND = YES;
				GCC_C_LANGUAGE_STANDARD = gnu99;
				GCC_NO_COMMON_BLOCKS = YES;
				GCC_WARN_64_TO_32_BIT_CONVERSION = YES;
				GCC_WARN_ABOUT_RETURN_TYPE = YES_ERROR;
				GCC_WARN_UNDECLARED_SELECTOR = YES;
				GCC_WARN_UNINITIALIZED_AUTOS = YES_AGGRESSIVE;
				GCC_WARN_UNUSED_FUNCTION = YES;
				GCC_WARN_UNUSED_VARIABLE = YES;
				IPHONEOS_DEPLOYMENT_TARGET = 8.0;
				MACOSX_DEPLOYMENT_TARGET = 10.6;
				MTL_ENABLE_DEBUG_INFO = NO;
				PRODUCT_NAME = JSON;
				SDKROOT = macosx;
				VERSIONING_SYSTEM = "apple-generic";
				VERSION_INFO_PREFIX = "";
				WATCHOS_DEPLOYMENT_TARGET = 2.0;
			};
			name = Release;
		};
		1A9F29AD1B88068300FC02CF /* Debug */ = {
			isa = XCBuildConfiguration;
			buildSettings = {
				COMBINE_HIDPI_IMAGES = YES;
				DEFINES_MODULE = YES;
				DYLIB_COMPATIBILITY_VERSION = 1;
				DYLIB_CURRENT_VERSION = 1;
				DYLIB_INSTALL_NAME_BASE = "@rpath";
				FRAMEWORK_VERSION = A;
				INFOPLIST_FILE = "$(SRCROOT)/Info.plist";
				INSTALL_PATH = "$(LOCAL_LIBRARY_DIR)/Frameworks";
				LD_RUNPATH_SEARCH_PATHS = "$(inherited) @executable_path/../Frameworks @loader_path/Frameworks";
				PRODUCT_BUNDLE_IDENTIFIER = "org.json-c.libjson-c";
				SKIP_INSTALL = YES;
			};
			name = Debug;
		};
		1A9F29AE1B88068300FC02CF /* Release */ = {
			isa = XCBuildConfiguration;
			buildSettings = {
				COMBINE_HIDPI_IMAGES = YES;
				DEFINES_MODULE = YES;
				DYLIB_COMPATIBILITY_VERSION = 1;
				DYLIB_CURRENT_VERSION = 1;
				DYLIB_INSTALL_NAME_BASE = "@rpath";
				FRAMEWORK_VERSION = A;
				INFOPLIST_FILE = "$(SRCROOT)/Info.plist";
				INSTALL_PATH = "$(LOCAL_LIBRARY_DIR)/Frameworks";
				LD_RUNPATH_SEARCH_PATHS = "$(inherited) @executable_path/../Frameworks @loader_path/Frameworks";
				PRODUCT_BUNDLE_IDENTIFIER = "org.json-c.libjson-c";
				SKIP_INSTALL = YES;
			};
			name = Release;
		};
		1AE78DDE1B96689B00CDEF17 /* Debug */ = {
			isa = XCBuildConfiguration;
			buildSettings = {
				CODE_SIGN_IDENTITY = "iPhone Developer";
				COMBINE_HIDPI_IMAGES = YES;
				DEFINES_MODULE = YES;
				DYLIB_COMPATIBILITY_VERSION = 1;
				DYLIB_CURRENT_VERSION = 1;
				DYLIB_INSTALL_NAME_BASE = "@rpath";
				FRAMEWORK_VERSION = A;
				INFOPLIST_FILE = "$(SRCROOT)/Info.plist";
				INSTALL_PATH = "$(LOCAL_LIBRARY_DIR)/Frameworks";
				LD_RUNPATH_SEARCH_PATHS = "$(inherited) @executable_path/../Frameworks @loader_path/Frameworks";
				MACOSX_DEPLOYMENT_TARGET = 10.6;
				PRODUCT_BUNDLE_IDENTIFIER = "org.json-c.libjson-c";
				SDKROOT = iphoneos;
				SKIP_INSTALL = YES;
			};
			name = Debug;
		};
		1AE78DDF1B96689B00CDEF17 /* Release */ = {
			isa = XCBuildConfiguration;
			buildSettings = {
				CODE_SIGN_IDENTITY = "iPhone Distribution";
				COMBINE_HIDPI_IMAGES = YES;
				DEFINES_MODULE = YES;
				DYLIB_COMPATIBILITY_VERSION = 1;
				DYLIB_CURRENT_VERSION = 1;
				DYLIB_INSTALL_NAME_BASE = "@rpath";
				FRAMEWORK_VERSION = A;
				INFOPLIST_FILE = "$(SRCROOT)/Info.plist";
				INSTALL_PATH = "$(LOCAL_LIBRARY_DIR)/Frameworks";
				LD_RUNPATH_SEARCH_PATHS = "$(inherited) @executable_path/../Frameworks @loader_path/Frameworks";
				MACOSX_DEPLOYMENT_TARGET = 10.6;
				PRODUCT_BUNDLE_IDENTIFIER = "org.json-c.libjson-c";
				SDKROOT = iphoneos;
				SKIP_INSTALL = YES;
			};
			name = Release;
		};
		1AE78E041B96689D00CDEF17 /* Debug */ = {
			isa = XCBuildConfiguration;
			buildSettings = {
				COMBINE_HIDPI_IMAGES = YES;
				DEFINES_MODULE = YES;
				DYLIB_COMPATIBILITY_VERSION = 1;
				DYLIB_CURRENT_VERSION = 1;
				DYLIB_INSTALL_NAME_BASE = "@rpath";
				FRAMEWORK_VERSION = A;
				INFOPLIST_FILE = "$(SRCROOT)/Info.plist";
				INSTALL_PATH = "$(LOCAL_LIBRARY_DIR)/Frameworks";
				LD_RUNPATH_SEARCH_PATHS = "$(inherited) @executable_path/../Frameworks @loader_path/Frameworks";
				MACOSX_DEPLOYMENT_TARGET = 10.6;
				PRODUCT_BUNDLE_IDENTIFIER = "org.json-c.libjson-c";
				SDKROOT = watchos;
				SKIP_INSTALL = YES;
			};
			name = Debug;
		};
		1AE78E051B96689D00CDEF17 /* Release */ = {
			isa = XCBuildConfiguration;
			buildSettings = {
				COMBINE_HIDPI_IMAGES = YES;
				DEFINES_MODULE = YES;
				DYLIB_COMPATIBILITY_VERSION = 1;
				DYLIB_CURRENT_VERSION = 1;
				DYLIB_INSTALL_NAME_BASE = "@rpath";
				FRAMEWORK_VERSION = A;
				INFOPLIST_FILE = "$(SRCROOT)/Info.plist";
				INSTALL_PATH = "$(LOCAL_LIBRARY_DIR)/Frameworks";
				LD_RUNPATH_SEARCH_PATHS = "$(inherited) @executable_path/../Frameworks @loader_path/Frameworks";
				MACOSX_DEPLOYMENT_TARGET = 10.6;
				PRODUCT_BUNDLE_IDENTIFIER = "org.json-c.libjson-c";
				SDKROOT = watchos;
				SKIP_INSTALL = YES;
			};
			name = Release;
		};
/* End XCBuildConfiguration section */

/* Begin XCConfigurationList section */
		1A9F299E1B88068300FC02CF /* Build configuration list for PBXProject "libjson-c" */ = {
			isa = XCConfigurationList;
			buildConfigurations = (
				1A9F29AA1B88068300FC02CF /* Debug */,
				1A9F29AB1B88068300FC02CF /* Release */,
			);
			defaultConfigurationIsVisible = 0;
			defaultConfigurationName = Release;
		};
		1A9F29AC1B88068300FC02CF /* Build configuration list for PBXNativeTarget "libjson-c OS X" */ = {
			isa = XCConfigurationList;
			buildConfigurations = (
				1A9F29AD1B88068300FC02CF /* Debug */,
				1A9F29AE1B88068300FC02CF /* Release */,
			);
			defaultConfigurationIsVisible = 0;
			defaultConfigurationName = Release;
		};
		1AE78DDD1B96689B00CDEF17 /* Build configuration list for PBXNativeTarget "libjson-c iOS" */ = {
			isa = XCConfigurationList;
			buildConfigurations = (
				1AE78DDE1B96689B00CDEF17 /* Debug */,
				1AE78DDF1B96689B00CDEF17 /* Release */,
			);
			defaultConfigurationIsVisible = 0;
			defaultConfigurationName = Release;
		};
		1AE78E031B96689D00CDEF17 /* Build configuration list for PBXNativeTarget "libjson-c WatchOS" */ = {
			isa = XCConfigurationList;
			buildConfigurations = (
				1AE78E041B96689D00CDEF17 /* Debug */,
				1AE78E051B96689D00CDEF17 /* Release */,
			);
			defaultConfigurationIsVisible = 0;
			defaultConfigurationName = Release;
		};
/* End XCConfigurationList section */
	};
	rootObject = 1A9F299B1B88068300FC02CF /* Project object */;
}
